<?xml version="1.0" encoding="utf-8"?>
<Project ToolsVersion="4.0" xmlns="http://schemas.microsoft.com/developer/msbuild/2003">
  <ItemGroup>
    <ClInclude Include="pch.h" />
    <ClInclude Include="SocketUtils.h" />
    <ClInclude Include="AutoCloseSocket.h" />
    <ClInclude Include="IocpCore.h" />
    <ClInclude Include="IocpEvent.h" />
    <ClInclude Include="ReaderWriterLock.h" />
    <ClInclude Include="Tls.h" />
    <ClInclude Include="RecvBuffer.h" />
    <ClInclude Include="SendBuffer.h" />
    <ClInclude Include="Session.h" />
  </ItemGroup>
  <ItemGroup>
    <ClCompile Include="pch.cpp" />
    <ClCompile Include="SocketUtils.cpp" />
    <ClCompile Include="AutoCloseSocket.cpp" />
    <ClCompile Include="IocpCore.cpp" />
    <ClCompile Include="IocpEvent.cpp" />
    <ClCompile Include="ReaderWriterLock.cpp" />
    <ClCompile Include="Tls.cpp" />
    <ClCompile Include="RecvBuffer.cpp" />
    <ClCompile Include="SendBuffer.cpp" />
    <ClCompile Include="Session.cpp" />
  </ItemGroup>
</Project>